// !$*UTF8*$!
{
	archiveVersion = 1;
	classes = {
	};
	objectVersion = 50;
	objects = {

/* Begin PBXBuildFile section */
		CDC7A8232208EDFA00C40DFC /* AppDelegate.swift in Sources */ = {isa = PBXBuildFile; fileRef = CDC7A8222208EDFA00C40DFC /* AppDelegate.swift */; };
		CDC7A8252208EDFA00C40DFC /* ViewController.swift in Sources */ = {isa = PBXBuildFile; fileRef = CDC7A8242208EDFA00C40DFC /* ViewController.swift */; };
		CDC7A8282208EDFA00C40DFC /* Main.storyboard in Resources */ = {isa = PBXBuildFile; fileRef = CDC7A8262208EDFA00C40DFC /* Main.storyboard */; };
		CDC7A82A2208EDFD00C40DFC /* Assets.xcassets in Resources */ = {isa = PBXBuildFile; fileRef = CDC7A8292208EDFD00C40DFC /* Assets.xcassets */; };
		CDC7A82D2208EDFD00C40DFC /* LaunchScreen.storyboard in Resources */ = {isa = PBXBuildFile; fileRef = CDC7A82B2208EDFD00C40DFC /* LaunchScreen.storyboard */; };
		CDC7A8382208EDFD00C40DFC /* calculatorTests.swift in Sources */ = {isa = PBXBuildFile; fileRef = CDC7A8372208EDFD00C40DFC /* calculatorTests.swift */; };
		CDC7A8432208EDFD00C40DFC /* calculatorUITests.swift in Sources */ = {isa = PBXBuildFile; fileRef = CDC7A8422208EDFD00C40DFC /* calculatorUITests.swift */; };
/* End PBXBuildFile section */

/* Begin PBXContainerItemProxy section */
		CDC7A8342208EDFD00C40DFC /* PBXContainerItemProxy */ = {
			isa = PBXContainerItemProxy;
			containerPortal = CDC7A8172208EDFA00C40DFC /* Project object */;
			proxyType = 1;
			remoteGlobalIDString = CDC7A81E2208EDFA00C40DFC;
			remoteInfo = calculator;
		};
		CDC7A83F2208EDFD00C40DFC /* PBXContainerItemProxy */ = {
			isa = PBXContainerItemProxy;
			containerPortal = CDC7A8172208EDFA00C40DFC /* Project object */;
			proxyType = 1;
			remoteGlobalIDString = CDC7A81E2208EDFA00C40DFC;
			remoteInfo = calculator;
		};
/* End PBXContainerItemProxy section */

/* Begin PBXFileReference section */
		CDC7A81F2208EDFA00C40DFC /* calculator.app */ = {isa = PBXFileReference; explicitFileType = wrapper.application; includeInIndex = 0; path = calculator.app; sourceTree = BUILT_PRODUCTS_DIR; };
		CDC7A8222208EDFA00C40DFC /* AppDelegate.swift */ = {isa = PBXFileReference; lastKnownFileType = sourcecode.swift; path = AppDelegate.swift; sourceTree = "<group>"; };
		CDC7A8242208EDFA00C40DFC /* ViewController.swift */ = {isa = PBXFileReference; lastKnownFileType = sourcecode.swift; path = ViewController.swift; sourceTree = "<group>"; };
		CDC7A8272208EDFA00C40DFC /* Base */ = {isa = PBXFileReference; lastKnownFileType = file.storyboard; name = Base; path = Base.lproj/Main.storyboard; sourceTree = "<group>"; };
		CDC7A8292208EDFD00C40DFC /* Assets.xcassets */ = {isa = PBXFileReference; lastKnownFileType = folder.assetcatalog; path = Assets.xcassets; sourceTree = "<group>"; };
		CDC7A82C2208EDFD00C40DFC /* Base */ = {isa = PBXFileReference; lastKnownFileType = file.storyboard; name = Base; path = Base.lproj/LaunchScreen.storyboard; sourceTree = "<group>"; };
		CDC7A82E2208EDFD00C40DFC /* Info.plist */ = {isa = PBXFileReference; lastKnownFileType = text.plist.xml; path = Info.plist; sourceTree = "<group>"; };
		CDC7A8332208EDFD00C40DFC /* calculatorTests.xctest */ = {isa = PBXFileReference; explicitFileType = wrapper.cfbundle; includeInIndex = 0; path = calculatorTests.xctest; sourceTree = BUILT_PRODUCTS_DIR; };
		CDC7A8372208EDFD00C40DFC /* calculatorTests.swift */ = {isa = PBXFileReference; lastKnownFileType = sourcecode.swift; path = calculatorTests.swift; sourceTree = "<group>"; };
		CDC7A8392208EDFD00C40DFC /* Info.plist */ = {isa = PBXFileReference; lastKnownFileType = text.plist.xml; path = Info.plist; sourceTree = "<group>"; };
		CDC7A83E2208EDFD00C40DFC /* calculatorUITests.xctest */ = {isa = PBXFileReference; explicitFileType = wrapper.cfbundle; includeInIndex = 0; path = calculatorUITests.xctest; sourceTree = BUILT_PRODUCTS_DIR; };
		CDC7A8422208EDFD00C40DFC /* calculatorUITests.swift */ = {isa = PBXFileReference; lastKnownFileType = sourcecode.swift; path = calculatorUITests.swift; sourceTree = "<group>"; };
		CDC7A8442208EDFD00C40DFC /* Info.plist */ = {isa = PBXFileReference; lastKnownFileType = text.plist.xml; path = Info.plist; sourceTree = "<group>"; };
/* End PBXFileReference section */

/* Begin PBXFrameworksBuildPhase section */
		CDC7A81C2208EDFA00C40DFC /* Frameworks */ = {
			isa = PBXFrameworksBuildPhase;
			buildActionMask = 2147483647;
			files = (
			);
			runOnlyForDeploymentPostprocessing = 0;
		};
		CDC7A8302208EDFD00C40DFC /* Frameworks */ = {
			isa = PBXFrameworksBuildPhase;
			buildActionMask = 2147483647;
			files = (
			);
			runOnlyForDeploymentPostprocessing = 0;
		};
		CDC7A83B2208EDFD00C40DFC /* Frameworks */ = {
			isa = PBXFrameworksBuildPhase;
			buildActionMask = 2147483647;
			files = (
			);
			runOnlyForDeploymentPostprocessing = 0;
		};
/* End PBXFrameworksBuildPhase section */

/* Begin PBXGroup section */
		CDC7A8162208EDFA00C40DFC = {
			isa = PBXGroup;
			children = (
				CDC7A8212208EDFA00C40DFC /* calculator */,
				CDC7A8362208EDFD00C40DFC /* calculatorTests */,
				CDC7A8412208EDFD00C40DFC /* calculatorUITests */,
				CDC7A8202208EDFA00C40DFC /* Products */,
			);
			sourceTree = "<group>";
		};
		CDC7A8202208EDFA00C40DFC /* Products */ = {
			isa = PBXGroup;
			children = (
				CDC7A81F2208EDFA00C40DFC /* calculator.app */,
				CDC7A8332208EDFD00C40DFC /* calculatorTests.xctest */,
				CDC7A83E2208EDFD00C40DFC /* calculatorUITests.xctest */,
			);
			name = Products;
			sourceTree = "<group>";
		};
		CDC7A8212208EDFA00C40DFC /* calculator */ = {
			isa = PBXGroup;
			children = (
				CDC7A8222208EDFA00C40DFC /* AppDelegate.swift */,
				CDC7A8242208EDFA00C40DFC /* ViewController.swift */,
				CDC7A8262208EDFA00C40DFC /* Main.storyboard */,
				CDC7A8292208EDFD00C40DFC /* Assets.xcassets */,
				CDC7A82B2208EDFD00C40DFC /* LaunchScreen.storyboard */,
				CDC7A82E2208EDFD00C40DFC /* Info.plist */,
			);
			path = calculator;
			sourceTree = "<group>";
		};
		CDC7A8362208EDFD00C40DFC /* calculatorTests */ = {
			isa = PBXGroup;
			children = (
				CDC7A8372208EDFD00C40DFC /* calculatorTests.swift */,
				CDC7A8392208EDFD00C40DFC /* Info.plist */,
			);
			path = calculatorTests;
			sourceTree = "<group>";
		};
		CDC7A8412208EDFD00C40DFC /* calculatorUITests */ = {
			isa = PBXGroup;
			children = (
				CDC7A8422208EDFD00C40DFC /* calculatorUITests.swift */,
				CDC7A8442208EDFD00C40DFC /* Info.plist */,
			);
			path = calculatorUITests;
			sourceTree = "<group>";
		};
/* End PBXGroup section */

/* Begin PBXNativeTarget section */
		CDC7A81E2208EDFA00C40DFC /* calculator */ = {
			isa = PBXNativeTarget;
			buildConfigurationList = CDC7A8472208EDFD00C40DFC /* Build configuration list for PBXNativeTarget "calculator" */;
			buildPhases = (
				CDC7A81B2208EDFA00C40DFC /* Sources */,
				CDC7A81C2208EDFA00C40DFC /* Frameworks */,
				CDC7A81D2208EDFA00C40DFC /* Resources */,
			);
			buildRules = (
			);
			dependencies = (
			);
			name = calculator;
			productName = calculator;
			productReference = CDC7A81F2208EDFA00C40DFC /* calculator.app */;
			productType = "com.apple.product-type.application";
		};
		CDC7A8322208EDFD00C40DFC /* calculatorTests */ = {
			isa = PBXNativeTarget;
			buildConfigurationList = CDC7A84A2208EDFD00C40DFC /* Build configuration list for PBXNativeTarget "calculatorTests" */;
			buildPhases = (
				CDC7A82F2208EDFD00C40DFC /* Sources */,
				CDC7A8302208EDFD00C40DFC /* Frameworks */,
				CDC7A8312208EDFD00C40DFC /* Resources */,
			);
			buildRules = (
			);
			dependencies = (
				CDC7A8352208EDFD00C40DFC /* PBXTargetDependency */,
			);
			name = calculatorTests;
			productName = calculatorTests;
			productReference = CDC7A8332208EDFD00C40DFC /* calculatorTests.xctest */;
			productType = "com.apple.product-type.bundle.unit-test";
		};
		CDC7A83D2208EDFD00C40DFC /* calculatorUITests */ = {
			isa = PBXNativeTarget;
			buildConfigurationList = CDC7A84D2208EDFD00C40DFC /* Build configuration list for PBXNativeTarget "calculatorUITests" */;
			buildPhases = (
				CDC7A83A2208EDFD00C40DFC /* Sources */,
				CDC7A83B2208EDFD00C40DFC /* Frameworks */,
				CDC7A83C2208EDFD00C40DFC /* Resources */,
			);
			buildRules = (
			);
			dependencies = (
				CDC7A8402208EDFD00C40DFC /* PBXTargetDependency */,
			);
			name = calculatorUITests;
			productName = calculatorUITests;
			productReference = CDC7A83E2208EDFD00C40DFC /* calculatorUITests.xctest */;
			productType = "com.apple.product-type.bundle.ui-testing";
		};
/* End PBXNativeTarget section */

/* Begin PBXProject section */
		CDC7A8172208EDFA00C40DFC /* Project object */ = {
			isa = PBXProject;
			attributes = {
				LastSwiftUpdateCheck = 1010;
				LastUpgradeCheck = 1010;
				ORGANIZATIONNAME = "Kevin Rama";
				TargetAttributes = {
					CDC7A81E2208EDFA00C40DFC = {
						CreatedOnToolsVersion = 10.1;
					};
					CDC7A8322208EDFD00C40DFC = {
						CreatedOnToolsVersion = 10.1;
						TestTargetID = CDC7A81E2208EDFA00C40DFC;
					};
					CDC7A83D2208EDFD00C40DFC = {
						CreatedOnToolsVersion = 10.1;
						TestTargetID = CDC7A81E2208EDFA00C40DFC;
					};
				};
			};
			buildConfigurationList = CDC7A81A2208EDFA00C40DFC /* Build configuration list for PBXProject "calculator" */;
			compatibilityVersion = "Xcode 9.3";
			developmentRegion = en;
			hasScannedForEncodings = 0;
			knownRegions = (
				en,
				Base,
			);
			mainGroup = CDC7A8162208EDFA00C40DFC;
			productRefGroup = CDC7A8202208EDFA00C40DFC /* Products */;
			projectDirPath = "";
			projectRoot = "";
			targets = (
				CDC7A81E2208EDFA00C40DFC /* calculator */,
				CDC7A8322208EDFD00C40DFC /* calculatorTests */,
				CDC7A83D2208EDFD00C40DFC /* calculatorUITests */,
			);
		};
/* End PBXProject section */

/* Begin PBXResourcesBuildPhase section */
		CDC7A81D2208EDFA00C40DFC /* Resources */ = {
			isa = PBXResourcesBuildPhase;
			buildActionMask = 2147483647;
			files = (
				CDC7A82D2208EDFD00C40DFC /* LaunchScreen.storyboard in Resources */,
				CDC7A82A2208EDFD00C40DFC /* Assets.xcassets in Resources */,
				CDC7A8282208EDFA00C40DFC /* Main.storyboard in Resources */,
			);
			runOnlyForDeploymentPostprocessing = 0;
		};
		CDC7A8312208EDFD00C40DFC /* Resources */ = {
			isa = PBXResourcesBuildPhase;
			buildActionMask = 2147483647;
			files = (
			);
			runOnlyForDeploymentPostprocessing = 0;
		};
		CDC7A83C2208EDFD00C40DFC /* Resources */ = {
			isa = PBXResourcesBuildPhase;
			buildActionMask = 2147483647;
			files = (
			);
			runOnlyForDeploymentPostprocessing = 0;
		};
/* End PBXResourcesBuildPhase section */

/* Begin PBXSourcesBuildPhase section */
		CDC7A81B2208EDFA00C40DFC /* Sources */ = {
			isa = PBXSourcesBuildPhase;
			buildActionMask = 2147483647;
			files = (
				CDC7A8252208EDFA00C40DFC /* ViewController.swift in Sources */,
				CDC7A8232208EDFA00C40DFC /* AppDelegate.swift in Sources */,
			);
			runOnlyForDeploymentPostprocessing = 0;
		};
		CDC7A82F2208EDFD00C40DFC /* Sources */ = {
			isa = PBXSourcesBuildPhase;
			buildActionMask = 2147483647;
			files = (
				CDC7A8382208EDFD00C40DFC /* calculatorTests.swift in Sources */,
			);
			runOnlyForDeploymentPostprocessing = 0;
		};
		CDC7A83A2208EDFD00C40DFC /* Sources */ = {
			isa = PBXSourcesBuildPhase;
			buildActionMask = 2147483647;
			files = (
				CDC7A8432208EDFD00C40DFC /* calculatorUITests.swift in Sources */,
			);
			runOnlyForDeploymentPostprocessing = 0;
		};
/* End PBXSourcesBuildPhase section */

/* Begin PBXTargetDependency section */
		CDC7A8352208EDFD00C40DFC /* PBXTargetDependency */ = {
			isa = PBXTargetDependency;
			target = CDC7A81E2208EDFA00C40DFC /* calculator */;
			targetProxy = CDC7A8342208EDFD00C40DFC /* PBXContainerItemProxy */;
		};
		CDC7A8402208EDFD00C40DFC /* PBXTargetDependency */ = {
			isa = PBXTargetDependency;
			target = CDC7A81E2208EDFA00C40DFC /* calculator */;
			targetProxy = CDC7A83F2208EDFD00C40DFC /* PBXContainerItemProxy */;
		};
/* End PBXTargetDependency section */

/* Begin PBXVariantGroup section */
		CDC7A8262208EDFA00C40DFC /* Main.storyboard */ = {
			isa = PBXVariantGroup;
			children = (
				CDC7A8272208EDFA00C40DFC /* Base */,
			);
			name = Main.storyboard;
			sourceTree = "<group>";
		};
		CDC7A82B2208EDFD00C40DFC /* LaunchScreen.storyboard */ = {
			isa = PBXVariantGroup;
			children = (
				CDC7A82C2208EDFD00C40DFC /* Base */,
			);
			name = LaunchScreen.storyboard;
			sourceTree = "<group>";
		};
/* End PBXVariantGroup section */

/* Begin XCBuildConfiguration section */
		CDC7A8452208EDFD00C40DFC /* Debug */ = {
			isa = XCBuildConfiguration;
			buildSettings = {
				ALWAYS_SEARCH_USER_PATHS = NO;
				CLANG_ANALYZER_NONNULL = YES;
				CLANG_ANALYZER_NUMBER_OBJECT_CONVERSION = YES_AGGRESSIVE;
				CLANG_CXX_LANGUAGE_STANDARD = "gnu++14";
				CLANG_CXX_LIBRARY = "libc++";
				CLANG_ENABLE_MODULES = YES;
				CLANG_ENABLE_OBJC_ARC = YES;
				CLANG_ENABLE_OBJC_WEAK = YES;
				CLANG_WARN_BLOCK_CAPTURE_AUTORELEASING = YES;
				CLANG_WARN_BOOL_CONVERSION = YES;
				CLANG_WARN_COMMA = YES;
				CLANG_WARN_CONSTANT_CONVERSION = YES;
				CLANG_WARN_DEPRECATED_OBJC_IMPLEMENTATIONS = YES;
				CLANG_WARN_DIRECT_OBJC_ISA_USAGE = YES_ERROR;
				CLANG_WARN_DOCUMENTATION_COMMENTS = YES;
				CLANG_WARN_EMPTY_BODY = YES;
				CLANG_WARN_ENUM_CONVERSION = YES;
				CLANG_WARN_INFINITE_RECURSION = YES;
				CLANG_WARN_INT_CONVERSION = YES;
				CLANG_WARN_NON_LITERAL_NULL_CONVERSION = YES;
				CLANG_WARN_OBJC_IMPLICIT_RETAIN_SELF = YES;
				CLANG_WARN_OBJC_LITERAL_CONVERSION = YES;
				CLANG_WARN_OBJC_ROOT_CLASS = YES_ERROR;
				CLANG_WARN_RANGE_LOOP_ANALYSIS = YES;
				CLANG_WARN_STRICT_PROTOTYPES = YES;
				CLANG_WARN_SUSPICIOUS_MOVE = YES;
				CLANG_WARN_UNGUARDED_AVAILABILITY = YES_AGGRESSIVE;
				CLANG_WARN_UNREACHABLE_CODE = YES;
				CLANG_WARN__DUPLICATE_METHOD_MATCH = YES;
				CODE_SIGN_IDENTITY = "iPhone Developer";
				COPY_PHASE_STRIP = NO;
				DEBUG_INFORMATION_FORMAT = dwarf;
				ENABLE_STRICT_OBJC_MSGSEND = YES;
				ENABLE_TESTABILITY = YES;
				GCC_C_LANGUAGE_STANDARD = gnu11;
				GCC_DYNAMIC_NO_PIC = NO;
				GCC_NO_COMMON_BLOCKS = YES;
				GCC_OPTIMIZATION_LEVEL = 0;
				GCC_PREPROCESSOR_DEFINITIONS = (
					"DEBUG=1",
					"$(inherited)",
				);
				GCC_WARN_64_TO_32_BIT_CONVERSION = YES;
				GCC_WARN_ABOUT_RETURN_TYPE = YES_ERROR;
				GCC_WARN_UNDECLARED_SELECTOR = YES;
				GCC_WARN_UNINITIALIZED_AUTOS = YES_AGGRESSIVE;
				GCC_WARN_UNUSED_FUNCTION = YES;
				GCC_WARN_UNUSED_VARIABLE = YES;
				IPHONEOS_DEPLOYMENT_TARGET = 12.1;
				MTL_ENABLE_DEBUG_INFO = INCLUDE_SOURCE;
				MTL_FAST_MATH = YES;
				ONLY_ACTIVE_ARCH = YES;
				SDKROOT = iphoneos;
				SWIFT_ACTIVE_COMPILATION_CONDITIONS = DEBUG;
				SWIFT_OPTIMIZATION_LEVEL = "-Onone";
			};
			name = Debug;
		};
		CDC7A8462208EDFD00C40DFC /* Release */ = {
			isa = XCBuildConfiguration;
			buildSettings = {
				ALWAYS_SEARCH_USER_PATHS = NO;
				CLANG_ANALYZER_NONNULL = YES;
				CLANG_ANALYZER_NUMBER_OBJECT_CONVERSION = YES_AGGRESSIVE;
				CLANG_CXX_LANGUAGE_STANDARD = "gnu++14";
				CLANG_CXX_LIBRARY = "libc++";
				CLANG_ENABLE_MODULES = YES;
				CLANG_ENABLE_OBJC_ARC = YES;
				CLANG_ENABLE_OBJC_WEAK = YES;
				CLANG_WARN_BLOCK_CAPTURE_AUTORELEASING = YES;
				CLANG_WARN_BOOL_CONVERSION = YES;
				CLANG_WARN_COMMA = YES;
				CLANG_WARN_CONSTANT_CONVERSION = YES;
				CLANG_WARN_DEPRECATED_OBJC_IMPLEMENTATIONS = YES;
				CLANG_WARN_DIRECT_OBJC_ISA_USAGE = YES_ERROR;
				CLANG_WARN_DOCUMENTATION_COMMENTS = YES;
				CLANG_WARN_EMPTY_BODY = YES;
				CLANG_WARN_ENUM_CONVERSION = YES;
				CLANG_WARN_INFINITE_RECURSION = YES;
				CLANG_WARN_INT_CONVERSION = YES;
				CLANG_WARN_NON_LITERAL_NULL_CONVERSION = YES;
				CLANG_WARN_OBJC_IMPLICIT_RETAIN_SELF = YES;
				CLANG_WARN_OBJC_LITERAL_CONVERSION = YES;
				CLANG_WARN_OBJC_ROOT_CLASS = YES_ERROR;
				CLANG_WARN_RANGE_LOOP_ANALYSIS = YES;
				CLANG_WARN_STRICT_PROTOTYPES = YES;
				CLANG_WARN_SUSPICIOUS_MOVE = YES;
				CLANG_WARN_UNGUARDED_AVAILABILITY = YES_AGGRESSIVE;
				CLANG_WARN_UNREACHABLE_CODE = YES;
				CLANG_WARN__DUPLICATE_METHOD_MATCH = YES;
				CODE_SIGN_IDENTITY = "iPhone Developer";
				COPY_PHASE_STRIP = NO;
				DEBUG_INFORMATION_FORMAT = "dwarf-with-dsym";
				ENABLE_NS_ASSERTIONS = NO;
				ENABLE_STRICT_OBJC_MSGSEND = YES;
				GCC_C_LANGUAGE_STANDARD = gnu11;
				GCC_NO_COMMON_BLOCKS = YES;
				GCC_WARN_64_TO_32_BIT_CONVERSION = YES;
				GCC_WARN_ABOUT_RETURN_TYPE = YES_ERROR;
				GCC_WARN_UNDECLARED_SELECTOR = YES;
				GCC_WARN_UNINITIALIZED_AUTOS = YES_AGGRESSIVE;
				GCC_WARN_UNUSED_FUNCTION = YES;
				GCC_WARN_UNUSED_VARIABLE = YES;
				IPHONEOS_DEPLOYMENT_TARGET = 12.1;
				MTL_ENABLE_DEBUG_INFO = NO;
				MTL_FAST_MATH = YES;
				SDKROOT = iphoneos;
				SWIFT_COMPILATION_MODE = wholemodule;
				SWIFT_OPTIMIZATION_LEVEL = "-O";
				VALIDATE_PRODUCT = YES;
			};
			name = Release;
		};
		CDC7A8482208EDFD00C40DFC /* Debug */ = {
			isa = XCBuildConfiguration;
			buildSettings = {
				ASSETCATALOG_COMPILER_APPICON_NAME = AppIcon;
				CODE_SIGN_STYLE = Automatic;
				DEVELOPMENT_TEAM = MQ79U7S5FQ;
				INFOPLIST_FILE = calculator/Info.plist;
				LD_RUNPATH_SEARCH_PATHS = (
					"$(inherited)",
					"@executable_path/Frameworks",
				);
				PRODUCT_BUNDLE_IDENTIFIER = com.KevinRama.calculator;
				PRODUCT_NAME = "$(TARGET_NAME)";
				SWIFT_VERSION = 4.2;
				TARGETED_DEVICE_FAMILY = "1,2";
			};
			name = Debug;
		};
		CDC7A8492208EDFD00C40DFC /* Release */ = {
			isa = XCBuildConfiguration;
			buildSettings = {
				ASSETCATALOG_COMPILER_APPICON_NAME = AppIcon;
				CODE_SIGN_STYLE = Automatic;
				DEVELOPMENT_TEAM = MQ79U7S5FQ;
				INFOPLIST_FILE = calculator/Info.plist;
				LD_RUNPATH_SEARCH_PATHS = (
					"$(inherited)",
					"@executable_path/Frameworks",
				);
				PRODUCT_BUNDLE_IDENTIFIER = com.KevinRama.calculator;
				PRODUCT_NAME = "$(TARGET_NAME)";
				SWIFT_VERSION = 4.2;
				TARGETED_DEVICE_FAMILY = "1,2";
			};
			name = Release;
		};
		CDC7A84B2208EDFD00C40DFC /* Debug */ = {
			isa = XCBuildConfiguration;
			buildSettings = {
				ALWAYS_EMBED_SWIFT_STANDARD_LIBRARIES = YES;
				BUNDLE_LOADER = "$(TEST_HOST)";
				CODE_SIGN_STYLE = Automatic;
				DEVELOPMENT_TEAM = MQ79U7S5FQ;
				INFOPLIST_FILE = calculatorTests/Info.plist;
				LD_RUNPATH_SEARCH_PATHS = (
					"$(inherited)",
					"@executable_path/Frameworks",
					"@loader_path/Frameworks",
				);
				PRODUCT_BUNDLE_IDENTIFIER = com.KevinRama.calculatorTests;
				PRODUCT_NAME = "$(TARGET_NAME)";
				SWIFT_VERSION = 4.2;
				TARGETED_DEVICE_FAMILY = "1,2";
				TEST_HOST = "$(BUILT_PRODUCTS_DIR)/calculator.app/calculator";
			};
			name = Debug;
		};
		CDC7A84C2208EDFD00C40DFC /* Release */ = {
			isa = XCBuildConfiguration;
			buildSettings = {
				ALWAYS_EMBED_SWIFT_STANDARD_LIBRARIES = YES;
				BUNDLE_LOADER = "$(TEST_HOST)";
				CODE_SIGN_STYLE = Automatic;
				DEVELOPMENT_TEAM = MQ79U7S5FQ;
				INFOPLIST_FILE = calculatorTests/Info.plist;
				LD_RUNPATH_SEARCH_PATHS = (
					"$(inherited)",
					"@executable_path/Frameworks",
					"@loader_path/Frameworks",
				);
				PRODUCT_BUNDLE_IDENTIFIER = com.KevinRama.calculatorTests;
				PRODUCT_NAME = "$(TARGET_NAME)";
				SWIFT_VERSION = 4.2;
				TARGETED_DEVICE_FAMILY = "1,2";
				TEST_HOST = "$(BUILT_PRODUCTS_DIR)/calculator.app/calculator";
			};
			name = Release;
		};
		CDC7A84E2208EDFD00C40DFC /* Debug */ = {
			isa = XCBuildConfiguration;
			buildSettings = {
				ALWAYS_EMBED_SWIFT_STANDARD_LIBRARIES = YES;
				CODE_SIGN_STYLE = Automatic;
				DEVELOPMENT_TEAM = MQ79U7S5FQ;
				INFOPLIST_FILE = calculatorUITests/Info.plist;
				LD_RUNPATH_SEARCH_PATHS = (
					"$(inherited)",
					"@executable_path/Frameworks",
					"@loader_path/Frameworks",
				);
				PRODUCT_BUNDLE_IDENTIFIER = com.KevinRama.calculatorUITests;
				PRODUCT_NAME = "$(TARGET_NAME)";
				SWIFT_VERSION = 4.2;
				TARGETED_DEVICE_FAMILY = "1,2";
				TEST_TARGET_NAME = calculator;
			};
			name = Debug;
		};
		CDC7A84F2208EDFD00C40DFC /* Release */ = {
			isa = XCBuildConfiguration;
			buildSettings = {
				ALWAYS_EMBED_SWIFT_STANDARD_LIBRARIES = YES;
				CODE_SIGN_STYLE = Automatic;
				DEVELOPMENT_TEAM = MQ79U7S5FQ;
				INFOPLIST_FILE = calculatorUITests/Info.plist;
				LD_RUNPATH_SEARCH_PATHS = (
					"$(inherited)",
					"@executable_path/Frameworks",
					"@loader_path/Frameworks",
				);
				PRODUCT_BUNDLE_IDENTIFIER = com.KevinRama.calculatorUITests;
				PRODUCT_NAME = "$(TARGET_NAME)";
				SWIFT_VERSION = 4.2;
				TARGETED_DEVICE_FAMILY = "1,2";
				TEST_TARGET_NAME = calculator;
			};
			name = Release;
		};
/* End XCBuildConfiguration section */

/* Begin XCConfigurationList section */
		CDC7A81A2208EDFA00C40DFC /* Build configuration list for PBXProject "calculator" */ = {
			isa = XCConfigurationList;
			buildConfigurations = (
				CDC7A8452208EDFD00C40DFC /* Debug */,
				CDC7A8462208EDFD00C40DFC /* Release */,
			);
			defaultConfigurationIsVisible = 0;
			defaultConfigurationName = Release;
		};
		CDC7A8472208EDFD00C40DFC /* Build configuration list for PBXNativeTarget "calculator" */ = {
			isa = XCConfigurationList;
			buildConfigurations = (
				CDC7A8482208EDFD00C40DFC /* Debug */,
				CDC7A8492208EDFD00C40DFC /* Release */,
			);
			defaultConfigurationIsVisible = 0;
			defaultConfigurationName = Release;
		};
		CDC7A84A2208EDFD00C40DFC /* Build configuration list for PBXNativeTarget "calculatorTests" */ = {
			isa = XCConfigurationList;
			buildConfigurations = (
				CDC7A84B2208EDFD00C40DFC /* Debug */,
				CDC7A84C2208EDFD00C40DFC /* Release */,
			);
			defaultConfigurationIsVisible = 0;
			defaultConfigurationName = Release;
		};
		CDC7A84D2208EDFD00C40DFC /* Build configuration list for PBXNativeTarget "calculatorUITests" */ = {
			isa = XCConfigurationList;
			buildConfigurations = (
				CDC7A84E2208EDFD00C40DFC /* Debug */,
				CDC7A84F2208EDFD00C40DFC /* Release */,
			);
			defaultConfigurationIsVisible = 0;
			defaultConfigurationName = Release;
		};
/* End XCConfigurationList section */
	};
	rootObject = CDC7A8172208EDFA00C40DFC /* Project object */;
}
